
Microsoft Visual Studio Solution File, Format Version 12.00
# Visual Studio Version 16
VisualStudioVersion = 16.0.29102.190
MinimumVisualStudioVersion = 10.0.40219.1
Project("{8BC9CEB8-8B4A-11D0-8D11-00A0C91BC942}") = "diagonal", "diagonal\diagonal.vcxproj", "{6F4D56BE-37E8-408C-8AD1-87035AFE47ED}"
EndProject
Global
	GlobalSection(SolutionConfigurationPlatforms) = preSolution
		Debug|x64 = Debug|x64
		Debug|x86 = Debug|x86
		Release|x64 = Release|x64
		Release|x86 = Release|x86
	EndGlobalSection
	GlobalSection(ProjectConfigurationPlatforms) = postSolution
		{6F4D56BE-37E8-408C-8AD1-87035AFE47ED}.Debug|x64.ActiveCfg = Debug|x64
		{6F4D56BE-37E8-408C-8AD1-87035AFE47ED}.Debug|x64.Build.0 = Debug|x64
		{6F4D56BE-37E8-408C-8AD1-87035AFE47ED}.Debug|x86.ActiveCfg = Debug|Win32
		{6F4D56BE-37E8-408C-8AD1-87035AFE47ED}.Debug|x86.Build.0 = Debug|Win32
		{6F4D56BE-37E8-408C-8AD1-87035AFE47ED}.Release|x64.ActiveCfg = Release|x64
		{6F4D56BE-37E8-408C-8AD1-87035AFE47ED}.Release|x64.Build.0 = Release|x64
		{6F4D56BE-37E8-408C-8AD1-87035AFE47ED}.Release|x86.ActiveCfg = Release|Win32
		{6F4D56BE-37E8-408C-8AD1-87035AFE47ED}.Release|x86.Build.0 = Release|Win32
	EndGlobalSection
	GlobalSection(SolutionProperties) = preSolution
		HideSolutionNode = FALSE
	EndGlobalSection
	GlobalSection(ExtensibilityGlobals) = postSolution
		SolutionGuid = {E79EDBA9-9C12-4710-A416-CB6B22B8EDE4}
	EndGlobalSection
EndGlobal
